
Microsoft Visual Studio Solution File, Format Version 12.00
# Visual Studio Version 17
VisualStudioVersion = 17.3.32929.385
MinimumVisualStudioVersion = 10.0.40219.1
Project("{FAE04EC0-301F-11D3-BF4B-00C04F79EFBC}") = "Account", "Account\Account.csproj", "{685E5065-4217-40F4-8735-C0F0F3091FFD}"
EndProject
Project("{2150E333-8FDC-42A3-9474-1A3956D46DE8}") = "Solution Items", "Solution Items", "{7D64AD77-9197-45B3-927C-370C07B6AB1D}"
	ProjectSection(SolutionItems) = preProject
		.editorconfig = .editorconfig
	EndProjectSection
EndProject
Global
	GlobalSection(SolutionConfigurationPlatforms) = preSolution
		Debug|Any CPU = Debug|Any CPU
		Release|Any CPU = Release|Any CPU
	EndGlobalSection
	GlobalSection(ProjectConfigurationPlatforms) = postSolution
		{685E5065-4217-40F4-8735-C0F0F3091FFD}.Debug|Any CPU.ActiveCfg = Debug|Any CPU
		{685E5065-4217-40F4-8735-C0F0F3091FFD}.Debug|Any CPU.Build.0 = Debug|Any CPU
		{685E5065-4217-40F4-8735-C0F0F3091FFD}.Release|Any CPU.ActiveCfg = Release|Any CPU
		{685E5065-4217-40F4-8735-C0F0F3091FFD}.Release|Any CPU.Build.0 = Release|Any CPU
	EndGlobalSection
	GlobalSection(SolutionProperties) = preSolution
		HideSolutionNode = FALSE
	EndGlobalSection
	GlobalSection(ExtensibilityGlobals) = postSolution
		SolutionGuid = {394897A5-8990-448E-9E48-325130D2433A}
	EndGlobalSection
EndGlobal
